// !$*UTF8*$!
{
	archiveVersion = 1;
	classes = {
	};
	objectVersion = 48;
	objects = {

/* Begin PBXBuildFile section */
		C224D316203941660056643F /* AnswerController.swift in Sources */ = {isa = PBXBuildFile; fileRef = C224D315203941660056643F /* AnswerController.swift */; };
		C28A98D5203A4E4300067EE3 /* FinishViewController.swift in Sources */ = {isa = PBXBuildFile; fileRef = C28A98D4203A4E4300067EE3 /* FinishViewController.swift */; };
		C2A4CCA62031954F00E49701 /* AppDelegate.swift in Sources */ = {isa = PBXBuildFile; fileRef = C2A4CCA52031954F00E49701 /* AppDelegate.swift */; };
		C2A4CCA82031954F00E49701 /* ViewController.swift in Sources */ = {isa = PBXBuildFile; fileRef = C2A4CCA72031954F00E49701 /* ViewController.swift */; };
		C2A4CCAB2031954F00E49701 /* Main.storyboard in Resources */ = {isa = PBXBuildFile; fileRef = C2A4CCA92031954F00E49701 /* Main.storyboard */; };
		C2A4CCAD2031954F00E49701 /* Assets.xcassets in Resources */ = {isa = PBXBuildFile; fileRef = C2A4CCAC2031954F00E49701 /* Assets.xcassets */; };
		C2A4CCB02031955000E49701 /* LaunchScreen.storyboard in Resources */ = {isa = PBXBuildFile; fileRef = C2A4CCAE2031955000E49701 /* LaunchScreen.storyboard */; };
		C2A4CCBB2031955000E49701 /* iQuizTests.swift in Sources */ = {isa = PBXBuildFile; fileRef = C2A4CCBA2031955000E49701 /* iQuizTests.swift */; };
		C2A4CCC62031955000E49701 /* iQuizUITests.swift in Sources */ = {isa = PBXBuildFile; fileRef = C2A4CCC52031955000E49701 /* iQuizUITests.swift */; };
		C2A4CCD620322B0400E49701 /* TableViewCell.swift in Sources */ = {isa = PBXBuildFile; fileRef = C2A4CCD520322B0400E49701 /* TableViewCell.swift */; };
		C2A4CCD82032335A00E49701 /* AppData.swift in Sources */ = {isa = PBXBuildFile; fileRef = C2A4CCD72032335A00E49701 /* AppData.swift */; };
		C2A4CCE8203929B900E49701 /* QuestionViewController.swift in Sources */ = {isa = PBXBuildFile; fileRef = C2A4CCE7203929B900E49701 /* QuestionViewController.swift */; };
/* End PBXBuildFile section */

/* Begin PBXContainerItemProxy section */
		C2A4CCB72031955000E49701 /* PBXContainerItemProxy */ = {
			isa = PBXContainerItemProxy;
			containerPortal = C2A4CC9A2031954F00E49701 /* Project object */;
			proxyType = 1;
			remoteGlobalIDString = C2A4CCA12031954F00E49701;
			remoteInfo = iQuiz;
		};
		C2A4CCC22031955000E49701 /* PBXContainerItemProxy */ = {
			isa = PBXContainerItemProxy;
			containerPortal = C2A4CC9A2031954F00E49701 /* Project object */;
			proxyType = 1;
			remoteGlobalIDString = C2A4CCA12031954F00E49701;
			remoteInfo = iQuiz;
		};
/* End PBXContainerItemProxy section */

/* Begin PBXFileReference section */
		C224D315203941660056643F /* AnswerController.swift */ = {isa = PBXFileReference; lastKnownFileType = sourcecode.swift; path = AnswerController.swift; sourceTree = "<group>"; };
		C28A98D4203A4E4300067EE3 /* FinishViewController.swift */ = {isa = PBXFileReference; lastKnownFileType = sourcecode.swift; path = FinishViewController.swift; sourceTree = "<group>"; };
		C2A4CCA22031954F00E49701 /* iQuiz.app */ = {isa = PBXFileReference; explicitFileType = wrapper.application; includeInIndex = 0; path = iQuiz.app; sourceTree = BUILT_PRODUCTS_DIR; };
		C2A4CCA52031954F00E49701 /* AppDelegate.swift */ = {isa = PBXFileReference; lastKnownFileType = sourcecode.swift; path = AppDelegate.swift; sourceTree = "<group>"; };
		C2A4CCA72031954F00E49701 /* ViewController.swift */ = {isa = PBXFileReference; lastKnownFileType = sourcecode.swift; path = ViewController.swift; sourceTree = "<group>"; };
		C2A4CCAA2031954F00E49701 /* Base */ = {isa = PBXFileReference; lastKnownFileType = file.storyboard; name = Base; path = Base.lproj/Main.storyboard; sourceTree = "<group>"; };
		C2A4CCAC2031954F00E49701 /* Assets.xcassets */ = {isa = PBXFileReference; lastKnownFileType = folder.assetcatalog; path = Assets.xcassets; sourceTree = "<group>"; };
		C2A4CCAF2031955000E49701 /* Base */ = {isa = PBXFileReference; lastKnownFileType = file.storyboard; name = Base; path = Base.lproj/LaunchScreen.storyboard; sourceTree = "<group>"; };
		C2A4CCB12031955000E49701 /* Info.plist */ = {isa = PBXFileReference; lastKnownFileType = text.plist.xml; path = Info.plist; sourceTree = "<group>"; };
		C2A4CCB62031955000E49701 /* iQuizTests.xctest */ = {isa = PBXFileReference; explicitFileType = wrapper.cfbundle; includeInIndex = 0; path = iQuizTests.xctest; sourceTree = BUILT_PRODUCTS_DIR; };
		C2A4CCBA2031955000E49701 /* iQuizTests.swift */ = {isa = PBXFileReference; lastKnownFileType = sourcecode.swift; path = iQuizTests.swift; sourceTree = "<group>"; };
		C2A4CCBC2031955000E49701 /* Info.plist */ = {isa = PBXFileReference; lastKnownFileType = text.plist.xml; path = Info.plist; sourceTree = "<group>"; };
		C2A4CCC12031955000E49701 /* iQuizUITests.xctest */ = {isa = PBXFileReference; explicitFileType = wrapper.cfbundle; includeInIndex = 0; path = iQuizUITests.xctest; sourceTree = BUILT_PRODUCTS_DIR; };
		C2A4CCC52031955000E49701 /* iQuizUITests.swift */ = {isa = PBXFileReference; lastKnownFileType = sourcecode.swift; path = iQuizUITests.swift; sourceTree = "<group>"; };
		C2A4CCC72031955000E49701 /* Info.plist */ = {isa = PBXFileReference; lastKnownFileType = text.plist.xml; path = Info.plist; sourceTree = "<group>"; };
		C2A4CCD520322B0400E49701 /* TableViewCell.swift */ = {isa = PBXFileReference; lastKnownFileType = sourcecode.swift; path = TableViewCell.swift; sourceTree = "<group>"; };
		C2A4CCD72032335A00E49701 /* AppData.swift */ = {isa = PBXFileReference; lastKnownFileType = sourcecode.swift; path = AppData.swift; sourceTree = "<group>"; };
		C2A4CCE7203929B900E49701 /* QuestionViewController.swift */ = {isa = PBXFileReference; lastKnownFileType = sourcecode.swift; path = QuestionViewController.swift; sourceTree = "<group>"; };
/* End PBXFileReference section */

/* Begin PBXFrameworksBuildPhase section */
		C2A4CC9F2031954F00E49701 /* Frameworks */ = {
			isa = PBXFrameworksBuildPhase;
			buildActionMask = 2147483647;
			files = (
			);
			runOnlyForDeploymentPostprocessing = 0;
		};
		C2A4CCB32031955000E49701 /* Frameworks */ = {
			isa = PBXFrameworksBuildPhase;
			buildActionMask = 2147483647;
			files = (
			);
			runOnlyForDeploymentPostprocessing = 0;
		};
		C2A4CCBE2031955000E49701 /* Frameworks */ = {
			isa = PBXFrameworksBuildPhase;
			buildActionMask = 2147483647;
			files = (
			);
			runOnlyForDeploymentPostprocessing = 0;
		};
/* End PBXFrameworksBuildPhase section */

/* Begin PBXGroup section */
		C2A4CC992031954F00E49701 = {
			isa = PBXGroup;
			children = (
				C2A4CCA42031954F00E49701 /* iQuiz */,
				C2A4CCB92031955000E49701 /* iQuizTests */,
				C2A4CCC42031955000E49701 /* iQuizUITests */,
				C2A4CCA32031954F00E49701 /* Products */,
			);
			sourceTree = "<group>";
		};
		C2A4CCA32031954F00E49701 /* Products */ = {
			isa = PBXGroup;
			children = (
				C2A4CCA22031954F00E49701 /* iQuiz.app */,
				C2A4CCB62031955000E49701 /* iQuizTests.xctest */,
				C2A4CCC12031955000E49701 /* iQuizUITests.xctest */,
			);
			name = Products;
			sourceTree = "<group>";
		};
		C2A4CCA42031954F00E49701 /* iQuiz */ = {
			isa = PBXGroup;
			children = (
				C2A4CCA52031954F00E49701 /* AppDelegate.swift */,
				C2A4CCA72031954F00E49701 /* ViewController.swift */,
				C2A4CCD520322B0400E49701 /* TableViewCell.swift */,
				C2A4CCA92031954F00E49701 /* Main.storyboard */,
				C2A4CCE7203929B900E49701 /* QuestionViewController.swift */,
				C224D315203941660056643F /* AnswerController.swift */,
				C28A98D4203A4E4300067EE3 /* FinishViewController.swift */,
				C2A4CCD72032335A00E49701 /* AppData.swift */,
				C2A4CCAC2031954F00E49701 /* Assets.xcassets */,
				C2A4CCAE2031955000E49701 /* LaunchScreen.storyboard */,
				C2A4CCB12031955000E49701 /* Info.plist */,
			);
			path = iQuiz;
			sourceTree = "<group>";
		};
		C2A4CCB92031955000E49701 /* iQuizTests */ = {
			isa = PBXGroup;
			children = (
				C2A4CCBA2031955000E49701 /* iQuizTests.swift */,
				C2A4CCBC2031955000E49701 /* Info.plist */,
			);
			path = iQuizTests;
			sourceTree = "<group>";
		};
		C2A4CCC42031955000E49701 /* iQuizUITests */ = {
			isa = PBXGroup;
			children = (
				C2A4CCC52031955000E49701 /* iQuizUITests.swift */,
				C2A4CCC72031955000E49701 /* Info.plist */,
			);
			path = iQuizUITests;
			sourceTree = "<group>";
		};
/* End PBXGroup section */

/* Begin PBXNativeTarget section */
		C2A4CCA12031954F00E49701 /* iQuiz */ = {
			isa = PBXNativeTarget;
			buildConfigurationList = C2A4CCCA2031955000E49701 /* Build configuration list for PBXNativeTarget "iQuiz" */;
			buildPhases = (
				C2A4CC9E2031954F00E49701 /* Sources */,
				C2A4CC9F2031954F00E49701 /* Frameworks */,
				C2A4CCA02031954F00E49701 /* Resources */,
			);
			buildRules = (
			);
			dependencies = (
			);
			name = iQuiz;
			productName = iQuiz;
			productReference = C2A4CCA22031954F00E49701 /* iQuiz.app */;
			productType = "com.apple.product-type.application";
		};
		C2A4CCB52031955000E49701 /* iQuizTests */ = {
			isa = PBXNativeTarget;
			buildConfigurationList = C2A4CCCD2031955000E49701 /* Build configuration list for PBXNativeTarget "iQuizTests" */;
			buildPhases = (
				C2A4CCB22031955000E49701 /* Sources */,
				C2A4CCB32031955000E49701 /* Frameworks */,
				C2A4CCB42031955000E49701 /* Resources */,
			);
			buildRules = (
			);
			dependencies = (
				C2A4CCB82031955000E49701 /* PBXTargetDependency */,
			);
			name = iQuizTests;
			productName = iQuizTests;
			productReference = C2A4CCB62031955000E49701 /* iQuizTests.xctest */;
			productType = "com.apple.product-type.bundle.unit-test";
		};
		C2A4CCC02031955000E49701 /* iQuizUITests */ = {
			isa = PBXNativeTarget;
			buildConfigurationList = C2A4CCD02031955000E49701 /* Build configuration list for PBXNativeTarget "iQuizUITests" */;
			buildPhases = (
				C2A4CCBD2031955000E49701 /* Sources */,
				C2A4CCBE2031955000E49701 /* Frameworks */,
				C2A4CCBF2031955000E49701 /* Resources */,
			);
			buildRules = (
			);
			dependencies = (
				C2A4CCC32031955000E49701 /* PBXTargetDependency */,
			);
			name = iQuizUITests;
			productName = iQuizUITests;
			productReference = C2A4CCC12031955000E49701 /* iQuizUITests.xctest */;
			productType = "com.apple.product-type.bundle.ui-testing";
		};
/* End PBXNativeTarget section */

/* Begin PBXProject section */
		C2A4CC9A2031954F00E49701 /* Project object */ = {
			isa = PBXProject;
			attributes = {
				LastSwiftUpdateCheck = 0920;
				LastUpgradeCheck = 0920;
				ORGANIZATIONNAME = "Yicheng Jiang";
				TargetAttributes = {
					C2A4CCA12031954F00E49701 = {
						CreatedOnToolsVersion = 9.2;
						ProvisioningStyle = Automatic;
					};
					C2A4CCB52031955000E49701 = {
						CreatedOnToolsVersion = 9.2;
						ProvisioningStyle = Automatic;
						TestTargetID = C2A4CCA12031954F00E49701;
					};
					C2A4CCC02031955000E49701 = {
						CreatedOnToolsVersion = 9.2;
						ProvisioningStyle = Automatic;
						TestTargetID = C2A4CCA12031954F00E49701;
					};
				};
			};
			buildConfigurationList = C2A4CC9D2031954F00E49701 /* Build configuration list for PBXProject "iQuiz" */;
			compatibilityVersion = "Xcode 8.0";
			developmentRegion = en;
			hasScannedForEncodings = 0;
			knownRegions = (
				en,
				Base,
			);
			mainGroup = C2A4CC992031954F00E49701;
			productRefGroup = C2A4CCA32031954F00E49701 /* Products */;
			projectDirPath = "";
			projectRoot = "";
			targets = (
				C2A4CCA12031954F00E49701 /* iQuiz */,
				C2A4CCB52031955000E49701 /* iQuizTests */,
				C2A4CCC02031955000E49701 /* iQuizUITests */,
			);
		};
/* End PBXProject section */

/* Begin PBXResourcesBuildPhase section */
		C2A4CCA02031954F00E49701 /* Resources */ = {
			isa = PBXResourcesBuildPhase;
			buildActionMask = 2147483647;
			files = (
				C2A4CCB02031955000E49701 /* LaunchScreen.storyboard in Resources */,
				C2A4CCAD2031954F00E49701 /* Assets.xcassets in Resources */,
				C2A4CCAB2031954F00E49701 /* Main.storyboard in Resources */,
			);
			runOnlyForDeploymentPostprocessing = 0;
		};
		C2A4CCB42031955000E49701 /* Resources */ = {
			isa = PBXResourcesBuildPhase;
			buildActionMask = 2147483647;
			files = (
			);
			runOnlyForDeploymentPostprocessing = 0;
		};
		C2A4CCBF2031955000E49701 /* Resources */ = {
			isa = PBXResourcesBuildPhase;
			buildActionMask = 2147483647;
			files = (
			);
			runOnlyForDeploymentPostprocessing = 0;
		};
/* End PBXResourcesBuildPhase section */

/* Begin PBXSourcesBuildPhase section */
		C2A4CC9E2031954F00E49701 /* Sources */ = {
			isa = PBXSourcesBuildPhase;
			buildActionMask = 2147483647;
			files = (
				C2A4CCD620322B0400E49701 /* TableViewCell.swift in Sources */,
				C2A4CCE8203929B900E49701 /* QuestionViewController.swift in Sources */,
				C2A4CCA82031954F00E49701 /* ViewController.swift in Sources */,
				C28A98D5203A4E4300067EE3 /* FinishViewController.swift in Sources */,
				C224D316203941660056643F /* AnswerController.swift in Sources */,
				C2A4CCA62031954F00E49701 /* AppDelegate.swift in Sources */,
				C2A4CCD82032335A00E49701 /* AppData.swift in Sources */,
			);
			runOnlyForDeploymentPostprocessing = 0;
		};
		C2A4CCB22031955000E49701 /* Sources */ = {
			isa = PBXSourcesBuildPhase;
			buildActionMask = 2147483647;
			files = (
				C2A4CCBB2031955000E49701 /* iQuizTests.swift in Sources */,
			);
			runOnlyForDeploymentPostprocessing = 0;
		};
		C2A4CCBD2031955000E49701 /* Sources */ = {
			isa = PBXSourcesBuildPhase;
			buildActionMask = 2147483647;
			files = (
				C2A4CCC62031955000E49701 /* iQuizUITests.swift in Sources */,
			);
			runOnlyForDeploymentPostprocessing = 0;
		};
/* End PBXSourcesBuildPhase section */

/* Begin PBXTargetDependency section */
		C2A4CCB82031955000E49701 /* PBXTargetDependency */ = {
			isa = PBXTargetDependency;
			target = C2A4CCA12031954F00E49701 /* iQuiz */;
			targetProxy = C2A4CCB72031955000E49701 /* PBXContainerItemProxy */;
		};
		C2A4CCC32031955000E49701 /* PBXTargetDependency */ = {
			isa = PBXTargetDependency;
			target = C2A4CCA12031954F00E49701 /* iQuiz */;
			targetProxy = C2A4CCC22031955000E49701 /* PBXContainerItemProxy */;
		};
/* End PBXTargetDependency section */

/* Begin PBXVariantGroup section */
		C2A4CCA92031954F00E49701 /* Main.storyboard */ = {
			isa = PBXVariantGroup;
			children = (
				C2A4CCAA2031954F00E49701 /* Base */,
			);
			name = Main.storyboard;
			sourceTree = "<group>";
		};
		C2A4CCAE2031955000E49701 /* LaunchScreen.storyboard */ = {
			isa = PBXVariantGroup;
			children = (
				C2A4CCAF2031955000E49701 /* Base */,
			);
			name = LaunchScreen.storyboard;
			sourceTree = "<group>";
		};
/* End PBXVariantGroup section */

/* Begin XCBuildConfiguration section */
		C2A4CCC82031955000E49701 /* Debug */ = {
			isa = XCBuildConfiguration;
			buildSettings = {
				ALWAYS_SEARCH_USER_PATHS = NO;
				CLANG_ANALYZER_NONNULL = YES;
				CLANG_ANALYZER_NUMBER_OBJECT_CONVERSION = YES_AGGRESSIVE;
				CLANG_CXX_LANGUAGE_STANDARD = "gnu++14";
				CLANG_CXX_LIBRARY = "libc++";
				CLANG_ENABLE_MODULES = YES;
				CLANG_ENABLE_OBJC_ARC = YES;
				CLANG_WARN_BLOCK_CAPTURE_AUTORELEASING = YES;
				CLANG_WARN_BOOL_CONVERSION = YES;
				CLANG_WARN_COMMA = YES;
				CLANG_WARN_CONSTANT_CONVERSION = YES;
				CLANG_WARN_DIRECT_OBJC_ISA_USAGE = YES_ERROR;
				CLANG_WARN_DOCUMENTATION_COMMENTS = YES;
				CLANG_WARN_EMPTY_BODY = YES;
				CLANG_WARN_ENUM_CONVERSION = YES;
				CLANG_WARN_INFINITE_RECURSION = YES;
				CLANG_WARN_INT_CONVERSION = YES;
				CLANG_WARN_NON_LITERAL_NULL_CONVERSION = YES;
				CLANG_WARN_OBJC_LITERAL_CONVERSION = YES;
				CLANG_WARN_OBJC_ROOT_CLASS = YES_ERROR;
				CLANG_WARN_RANGE_LOOP_ANALYSIS = YES;
				CLANG_WARN_STRICT_PROTOTYPES = YES;
				CLANG_WARN_SUSPICIOUS_MOVE = YES;
				CLANG_WARN_UNGUARDED_AVAILABILITY = YES_AGGRESSIVE;
				CLANG_WARN_UNREACHABLE_CODE = YES;
				CLANG_WARN__DUPLICATE_METHOD_MATCH = YES;
				CODE_SIGN_IDENTITY = "iPhone Developer";
				COPY_PHASE_STRIP = NO;
				DEBUG_INFORMATION_FORMAT = dwarf;
				ENABLE_STRICT_OBJC_MSGSEND = YES;
				ENABLE_TESTABILITY = YES;
				GCC_C_LANGUAGE_STANDARD = gnu11;
				GCC_DYNAMIC_NO_PIC = NO;
				GCC_NO_COMMON_BLOCKS = YES;
				GCC_OPTIMIZATION_LEVEL = 0;
				GCC_PREPROCESSOR_DEFINITIONS = (
					"DEBUG=1",
					"$(inherited)",
				);
				GCC_WARN_64_TO_32_BIT_CONVERSION = YES;
				GCC_WARN_ABOUT_RETURN_TYPE = YES_ERROR;
				GCC_WARN_UNDECLARED_SELECTOR = YES;
				GCC_WARN_UNINITIALIZED_AUTOS = YES_AGGRESSIVE;
				GCC_WARN_UNUSED_FUNCTION = YES;
				GCC_WARN_UNUSED_VARIABLE = YES;
				IPHONEOS_DEPLOYMENT_TARGET = 11.2;
				MTL_ENABLE_DEBUG_INFO = YES;
				ONLY_ACTIVE_ARCH = YES;
				SDKROOT = iphoneos;
				SWIFT_ACTIVE_COMPILATION_CONDITIONS = DEBUG;
				SWIFT_OPTIMIZATION_LEVEL = "-Onone";
			};
			name = Debug;
		};
		C2A4CCC92031955000E49701 /* Release */ = {
			isa = XCBuildConfiguration;
			buildSettings = {
				ALWAYS_SEARCH_USER_PATHS = NO;
				CLANG_ANALYZER_NONNULL = YES;
				CLANG_ANALYZER_NUMBER_OBJECT_CONVERSION = YES_AGGRESSIVE;
				CLANG_CXX_LANGUAGE_STANDARD = "gnu++14";
				CLANG_CXX_LIBRARY = "libc++";
				CLANG_ENABLE_MODULES = YES;
				CLANG_ENABLE_OBJC_ARC = YES;
				CLANG_WARN_BLOCK_CAPTURE_AUTORELEASING = YES;
				CLANG_WARN_BOOL_CONVERSION = YES;
				CLANG_WARN_COMMA = YES;
				CLANG_WARN_CONSTANT_CONVERSION = YES;
				CLANG_WARN_DIRECT_OBJC_ISA_USAGE = YES_ERROR;
				CLANG_WARN_DOCUMENTATION_COMMENTS = YES;
				CLANG_WARN_EMPTY_BODY = YES;
				CLANG_WARN_ENUM_CONVERSION = YES;
				CLANG_WARN_INFINITE_RECURSION = YES;
				CLANG_WARN_INT_CONVERSION = YES;
				CLANG_WARN_NON_LITERAL_NULL_CONVERSION = YES;
				CLANG_WARN_OBJC_LITERAL_CONVERSION = YES;
				CLANG_WARN_OBJC_ROOT_CLASS = YES_ERROR;
				CLANG_WARN_RANGE_LOOP_ANALYSIS = YES;
				CLANG_WARN_STRICT_PROTOTYPES = YES;
				CLANG_WARN_SUSPICIOUS_MOVE = YES;
				CLANG_WARN_UNGUARDED_AVAILABILITY = YES_AGGRESSIVE;
				CLANG_WARN_UNREACHABLE_CODE = YES;
				CLANG_WARN__DUPLICATE_METHOD_MATCH = YES;
				CODE_SIGN_IDENTITY = "iPhone Developer";
				COPY_PHASE_STRIP = NO;
				DEBUG_INFORMATION_FORMAT = "dwarf-with-dsym";
				ENABLE_NS_ASSERTIONS = NO;
				ENABLE_STRICT_OBJC_MSGSEND = YES;
				GCC_C_LANGUAGE_STANDARD = gnu11;
				GCC_NO_COMMON_BLOCKS = YES;
				GCC_WARN_64_TO_32_BIT_CONVERSION = YES;
				GCC_WARN_ABOUT_RETURN_TYPE = YES_ERROR;
				GCC_WARN_UNDECLARED_SELECTOR = YES;
				GCC_WARN_UNINITIALIZED_AUTOS = YES_AGGRESSIVE;
				GCC_WARN_UNUSED_FUNCTION = YES;
				GCC_WARN_UNUSED_VARIABLE = YES;
				IPHONEOS_DEPLOYMENT_TARGET = 11.2;
				MTL_ENABLE_DEBUG_INFO = NO;
				SDKROOT = iphoneos;
				SWIFT_OPTIMIZATION_LEVEL = "-Owholemodule";
				VALIDATE_PRODUCT = YES;
			};
			name = Release;
		};
		C2A4CCCB2031955000E49701 /* Debug */ = {
			isa = XCBuildConfiguration;
			buildSettings = {
				ASSETCATALOG_COMPILER_APPICON_NAME = AppIcon;
				CODE_SIGN_STYLE = Automatic;
				DEVELOPMENT_TEAM = BGS268A55X;
				INFOPLIST_FILE = iQuiz/Info.plist;
				LD_RUNPATH_SEARCH_PATHS = "$(inherited) @executable_path/Frameworks";
				PRODUCT_BUNDLE_IDENTIFIER = estelleJYC.iQuiz.iQuiz;
				PRODUCT_NAME = "$(TARGET_NAME)";
				SWIFT_VERSION = 4.0;
				TARGETED_DEVICE_FAMILY = "1,2";
			};
			name = Debug;
		};
		C2A4CCCC2031955000E49701 /* Release */ = {
			isa = XCBuildConfiguration;
			buildSettings = {
				ASSETCATALOG_COMPILER_APPICON_NAME = AppIcon;
				CODE_SIGN_STYLE = Automatic;
				DEVELOPMENT_TEAM = BGS268A55X;
				INFOPLIST_FILE = iQuiz/Info.plist;
				LD_RUNPATH_SEARCH_PATHS = "$(inherited) @executable_path/Frameworks";
				PRODUCT_BUNDLE_IDENTIFIER = estelleJYC.iQuiz.iQuiz;
				PRODUCT_NAME = "$(TARGET_NAME)";
				SWIFT_VERSION = 4.0;
				TARGETED_DEVICE_FAMILY = "1,2";
			};
			name = Release;
		};
		C2A4CCCE2031955000E49701 /* Debug */ = {
			isa = XCBuildConfiguration;
			buildSettings = {
				ALWAYS_EMBED_SWIFT_STANDARD_LIBRARIES = YES;
				BUNDLE_LOADER = "$(TEST_HOST)";
				CODE_SIGN_STYLE = Automatic;
				DEVELOPMENT_TEAM = BGS268A55X;
				INFOPLIST_FILE = iQuizTests/Info.plist;
				LD_RUNPATH_SEARCH_PATHS = "$(inherited) @executable_path/Frameworks @loader_path/Frameworks";
				PRODUCT_BUNDLE_IDENTIFIER = estelleJYC.iQuiz.iQuizTests;
				PRODUCT_NAME = "$(TARGET_NAME)";
				SWIFT_VERSION = 4.0;
				TARGETED_DEVICE_FAMILY = "1,2";
				TEST_HOST = "$(BUILT_PRODUCTS_DIR)/iQuiz.app/iQuiz";
			};
			name = Debug;
		};
		C2A4CCCF2031955000E49701 /* Release */ = {
			isa = XCBuildConfiguration;
			buildSettings = {
				ALWAYS_EMBED_SWIFT_STANDARD_LIBRARIES = YES;
				BUNDLE_LOADER = "$(TEST_HOST)";
				CODE_SIGN_STYLE = Automatic;
				DEVELOPMENT_TEAM = BGS268A55X;
				INFOPLIST_FILE = iQuizTests/Info.plist;
				LD_RUNPATH_SEARCH_PATHS = "$(inherited) @executable_path/Frameworks @loader_path/Frameworks";
				PRODUCT_BUNDLE_IDENTIFIER = estelleJYC.iQuiz.iQuizTests;
				PRODUCT_NAME = "$(TARGET_NAME)";
				SWIFT_VERSION = 4.0;
				TARGETED_DEVICE_FAMILY = "1,2";
				TEST_HOST = "$(BUILT_PRODUCTS_DIR)/iQuiz.app/iQuiz";
			};
			name = Release;
		};
		C2A4CCD12031955000E49701 /* Debug */ = {
			isa = XCBuildConfiguration;
			buildSettings = {
				ALWAYS_EMBED_SWIFT_STANDARD_LIBRARIES = YES;
				CODE_SIGN_STYLE = Automatic;
				DEVELOPMENT_TEAM = BGS268A55X;
				INFOPLIST_FILE = iQuizUITests/Info.plist;
				LD_RUNPATH_SEARCH_PATHS = "$(inherited) @executable_path/Frameworks @loader_path/Frameworks";
				PRODUCT_BUNDLE_IDENTIFIER = estelleJYC.iQuiz.iQuizUITests;
				PRODUCT_NAME = "$(TARGET_NAME)";
				SWIFT_VERSION = 4.0;
				TARGETED_DEVICE_FAMILY = "1,2";
				TEST_TARGET_NAME = iQuiz;
			};
			name = Debug;
		};
		C2A4CCD22031955000E49701 /* Release */ = {
			isa = XCBuildConfiguration;
			buildSettings = {
				ALWAYS_EMBED_SWIFT_STANDARD_LIBRARIES = YES;
				CODE_SIGN_STYLE = Automatic;
				DEVELOPMENT_TEAM = BGS268A55X;
				INFOPLIST_FILE = iQuizUITests/Info.plist;
				LD_RUNPATH_SEARCH_PATHS = "$(inherited) @executable_path/Frameworks @loader_path/Frameworks";
				PRODUCT_BUNDLE_IDENTIFIER = estelleJYC.iQuiz.iQuizUITests;
				PRODUCT_NAME = "$(TARGET_NAME)";
				SWIFT_VERSION = 4.0;
				TARGETED_DEVICE_FAMILY = "1,2";
				TEST_TARGET_NAME = iQuiz;
			};
			name = Release;
		};
/* End XCBuildConfiguration section */

/* Begin XCConfigurationList section */
		C2A4CC9D2031954F00E49701 /* Build configuration list for PBXProject "iQuiz" */ = {
			isa = XCConfigurationList;
			buildConfigurations = (
				C2A4CCC82031955000E49701 /* Debug */,
				C2A4CCC92031955000E49701 /* Release */,
			);
			defaultConfigurationIsVisible = 0;
			defaultConfigurationName = Release;
		};
		C2A4CCCA2031955000E49701 /* Build configuration list for PBXNativeTarget "iQuiz" */ = {
			isa = XCConfigurationList;
			buildConfigurations = (
				C2A4CCCB2031955000E49701 /* Debug */,
				C2A4CCCC2031955000E49701 /* Release */,
			);
			defaultConfigurationIsVisible = 0;
			defaultConfigurationName = Release;
		};
		C2A4CCCD2031955000E49701 /* Build configuration list for PBXNativeTarget "iQuizTests" */ = {
			isa = XCConfigurationList;
			buildConfigurations = (
				C2A4CCCE2031955000E49701 /* Debug */,
				C2A4CCCF2031955000E49701 /* Release */,
			);
			defaultConfigurationIsVisible = 0;
			defaultConfigurationName = Release;
		};
		C2A4CCD02031955000E49701 /* Build configuration list for PBXNativeTarget "iQuizUITests" */ = {
			isa = XCConfigurationList;
			buildConfigurations = (
				C2A4CCD12031955000E49701 /* Debug */,
				C2A4CCD22031955000E49701 /* Release */,
			);
			defaultConfigurationIsVisible = 0;
			defaultConfigurationName = Release;
		};
/* End XCConfigurationList section */
	};
	rootObject = C2A4CC9A2031954F00E49701 /* Project object */;
}
